
Microsoft Visual Studio Solution File, Format Version 12.00
# Visual Studio Version 17
VisualStudioVersion = 17.8.34525.116
MinimumVisualStudioVersion = 10.0.40219.1
Project("{FAE04EC0-301F-11D3-BF4B-00C04F79EFBC}") = "Promocionado", "Promocionado\Promocionado.csproj", "{2C284A08-A017-4828-8D38-1BB43F8CDE78}"
EndProject
Global
	GlobalSection(SolutionConfigurationPlatforms) = preSolution
		Debug|Any CPU = Debug|Any CPU
		Release|Any CPU = Release|Any CPU
	EndGlobalSection
	GlobalSection(ProjectConfigurationPlatforms) = postSolution
		{2C284A08-A017-4828-8D38-1BB43F8CDE78}.Debug|Any CPU.ActiveCfg = Debug|Any CPU
		{2C284A08-A017-4828-8D38-1BB43F8CDE78}.Debug|Any CPU.Build.0 = Debug|Any CPU
		{2C284A08-A017-4828-8D38-1BB43F8CDE78}.Release|Any CPU.ActiveCfg = Release|Any CPU
		{2C284A08-A017-4828-8D38-1BB43F8CDE78}.Release|Any CPU.Build.0 = Release|Any CPU
	EndGlobalSection
	GlobalSection(SolutionProperties) = preSolution
		HideSolutionNode = FALSE
	EndGlobalSection
	GlobalSection(ExtensibilityGlobals) = postSolution
		SolutionGuid = {4E212D9B-44C4-4DEC-A280-18D8498052A5}
	EndGlobalSection
EndGlobal
